lockfileVersion: '9.0'

settings:
  autoInstallPeers: true
  excludeLinksFromLockfile: false

importers:

  .:
    dependencies:
      bs58:
        specifier: ^6.0.0
        version: 6.0.0
      dotenv:
        specifier: ^16.4.7
        version: 16.4.7
      fs:
        specifier: 0.0.1-security
        version: 0.0.1-security

packages:

  base-x@5.0.0:
    resolution: {integrity: sha512-sMW3VGSX1QWVFA6l8U62MLKz29rRfpTlYdCqLdpLo1/Yd4zZwSbnUaDfciIAowAqvq7YFnWq9hrhdg1KYgc1lQ==}

  bs58@6.0.0:
    resolution: {integrity: sha512-PD0wEnEYg6ijszw/u8s+iI3H17cTymlrwkKhDhPZq+Sokl3AU4htyBFTjAeNAlCCmg0f53g6ih3jATyCKftTfw==}

  dotenv@16.4.7:
    resolution: {integrity: sha512-47qPchRCykZC03FhkYAhrvwU4xDBFIj1QPqaarj6mdM/hgUzfPHcpkHJOn3mJAufFeeAxAzeGsr5X0M4k6fLZQ==}
    engines: {node: '>=12'}

  fs@0.0.1-security:
    resolution: {integrity: sha512-3XY9e1pP0CVEUCdj5BmfIZxRBTSDycnbqhIOGec9QYtmVH2fbLpj86CFWkrNOkt/Fvty4KZG5lTglL9j/gJ87w==}

snapshots:

  base-x@5.0.0: {}

  bs58@6.0.0:
    dependencies:
      base-x: 5.0.0

  dotenv@16.4.7: {}

  fs@0.0.1-security: {}
